{
  "name": "l-note",
  "version": "0.2.0",
  "lockfileVersion": 3,
  "requires": true,
  "packages": {
    "": {
      "name": "l-note",
      "version": "0.2.0",
      "dependencies": {
        "@firecrawl/pdf-inspector-wasm": "0.1.3",
        "@phosphor-icons/web": "2.1.2",
        "minisearch": "7.2.0"
      },
      "engines": {
        "node": ">=20"
      }
    },
    "node_modules/@firecrawl/pdf-inspector-wasm": {
      "version": "0.1.3",
      "resolved": "https://registry.npmjs.org/@firecrawl/pdf-inspector-wasm/-/pdf-inspector-wasm-0.1.3.tgz",
      "integrity": "sha512-8gz3s3H/WABomls64YCZ8W6zd+eIxFgNAfCXI9+a7axDekZQHX21rsng1uxImoBZD3mXpN7XqLH/LS68WnGWhw==",
      "license": "MIT"
    },
    "node_modules/@phosphor-icons/web": {
      "version": "2.1.2",
      "resolved": "https://registry.npmjs.org/@phosphor-icons/web/-/web-2.1.2.tgz",
      "integrity": "sha512-rPAR9o/bEcp4Cw4DEeZHXf+nlGCMNGkNDRizYHM47NLxz9vvEHp/Tt6FMK1NcWadzw/pFDPnRBGi/ofRya958A==",
      "license": "MIT"
    },
    "node_modules/minisearch": {
      "version": "7.2.0",
      "resolved": "https://registry.npmjs.org/minisearch/-/minisearch-7.2.0.tgz",
      "integrity": "sha512-dqT2XBYUOZOiC5t2HRnwADjhNS2cecp9u+TJRiJ1Qp/f5qjkeT5APcGPjHw+bz89Ms8Jp+cG4AlE+QZ/QnDglg==",
      "license": "MIT"
    }
  }
}
